// !$*UTF8*$!
{
	archiveVersion = 1;
	classes = {
	};
	objectVersion = 46;
	objects = {

/* Begin PBXBuildFile section */
		D010CDE41AD228F100E800CE /* Runner.m in Sources */ = {isa = PBXBuildFile; fileRef = D010CDE31AD228F100E800CE /* Runner.m */; };
		D010CDE71AD2290800E800CE /* Wave.m in Sources */ = {isa = PBXBuildFile; fileRef = D010CDE61AD2290800E800CE /* Wave.m */; };
		D02A5D381AD5AAA4003A54C7 /* NSArray+ArrayAdditions.m in Sources */ = {isa = PBXBuildFile; fileRef = D02A5D371AD5AAA4003A54C7 /* NSArray+ArrayAdditions.m */; };
		D02A5D3B1AD74251003A54C7 /* JYConstants.m in Sources */ = {isa = PBXBuildFile; fileRef = D02A5D3A1AD74251003A54C7 /* JYConstants.m */; };
		D032F0C91AC3DA730069D6CC /* leaderboard128x128.png in Resources */ = {isa = PBXBuildFile; fileRef = D032F0B01AC3DA730069D6CC /* leaderboard128x128.png */; };
		D032F0CA1AC3DA730069D6CC /* leaderboard256x256.png in Resources */ = {isa = PBXBuildFile; fileRef = D032F0B11AC3DA730069D6CC /* leaderboard256x256.png */; };
		D032F0CB1AC3DA730069D6CC /* leaderboard64x64.png in Resources */ = {isa = PBXBuildFile; fileRef = D032F0B21AC3DA730069D6CC /* leaderboard64x64.png */; };
		D032F0CC1AC3DA730069D6CC /* leaderboard72x72.png in Resources */ = {isa = PBXBuildFile; fileRef = D032F0B31AC3DA730069D6CC /* leaderboard72x72.png */; };
		D032F0CD1AC3DA730069D6CC /* play128x128.png in Resources */ = {isa = PBXBuildFile; fileRef = D032F0B41AC3DA730069D6CC /* play128x128.png */; };
		D032F0CE1AC3DA730069D6CC /* play256x256.png in Resources */ = {isa = PBXBuildFile; fileRef = D032F0B51AC3DA730069D6CC /* play256x256.png */; };
		D032F0CF1AC3DA730069D6CC /* play72x72.png in Resources */ = {isa = PBXBuildFile; fileRef = D032F0B61AC3DA730069D6CC /* play72x72.png */; };
		D032F0D01AC3DA730069D6CC /* play96x96.png in Resources */ = {isa = PBXBuildFile; fileRef = D032F0B71AC3DA730069D6CC /* play96x96.png */; };
		D032F0D11AC3DA730069D6CC /* rate128x128.png in Resources */ = {isa = PBXBuildFile; fileRef = D032F0B81AC3DA730069D6CC /* rate128x128.png */; };
		D032F0D21AC3DA730069D6CC /* rate256x256.png in Resources */ = {isa = PBXBuildFile; fileRef = D032F0B91AC3DA730069D6CC /* rate256x256.png */; };
		D032F0D31AC3DA730069D6CC /* rate64x64.png in Resources */ = {isa = PBXBuildFile; fileRef = D032F0BA1AC3DA730069D6CC /* rate64x64.png */; };
		D032F0D41AC3DA730069D6CC /* rate72x72.png in Resources */ = {isa = PBXBuildFile; fileRef = D032F0BB1AC3DA730069D6CC /* rate72x72.png */; };
		D032F0D51AC3DA730069D6CC /* rate96x96.png in Resources */ = {isa = PBXBuildFile; fileRef = D032F0BC1AC3DA730069D6CC /* rate96x96.png */; };
		D032F0DC1AC3DA730069D6CC /* settings128x128.png in Resources */ = {isa = PBXBuildFile; fileRef = D032F0C41AC3DA730069D6CC /* settings128x128.png */; };
		D032F0DD1AC3DA730069D6CC /* settings256x256.png in Resources */ = {isa = PBXBuildFile; fileRef = D032F0C51AC3DA730069D6CC /* settings256x256.png */; };
		D032F0DE1AC3DA730069D6CC /* settings64x64.png in Resources */ = {isa = PBXBuildFile; fileRef = D032F0C61AC3DA730069D6CC /* settings64x64.png */; };
		D032F0DF1AC3DA730069D6CC /* settings72x72.png in Resources */ = {isa = PBXBuildFile; fileRef = D032F0C71AC3DA730069D6CC /* settings72x72.png */; };
		D032F0E01AC3DA730069D6CC /* settings96x96.png in Resources */ = {isa = PBXBuildFile; fileRef = D032F0C81AC3DA730069D6CC /* settings96x96.png */; };
		D069F2741AD790D800622D0F /* pause.png in Resources */ = {isa = PBXBuildFile; fileRef = D069F2711AD790D800622D0F /* pause.png */; };
		D069F2751AD790D800622D0F /* pause2x.png in Resources */ = {isa = PBXBuildFile; fileRef = D069F2721AD790D800622D0F /* pause2x.png */; };
		D069F2761AD790D800622D0F /* pause3x.png in Resources */ = {isa = PBXBuildFile; fileRef = D069F2731AD790D800622D0F /* pause3x.png */; };
		D09A1C331AC0A47900C23BA0 /* main.m in Sources */ = {isa = PBXBuildFile; fileRef = D09A1C321AC0A47900C23BA0 /* main.m */; };
		D09A1C361AC0A47900C23BA0 /* AppDelegate.m in Sources */ = {isa = PBXBuildFile; fileRef = D09A1C351AC0A47900C23BA0 /* AppDelegate.m */; };
		D09A1C391AC0A47900C23BA0 /* GameScene.m in Sources */ = {isa = PBXBuildFile; fileRef = D09A1C381AC0A47900C23BA0 /* GameScene.m */; };
		D09A1C3E1AC0A47900C23BA0 /* GameViewController.m in Sources */ = {isa = PBXBuildFile; fileRef = D09A1C3D1AC0A47900C23BA0 /* GameViewController.m */; };
		D09A1C411AC0A47900C23BA0 /* Main.storyboard in Resources */ = {isa = PBXBuildFile; fileRef = D09A1C3F1AC0A47900C23BA0 /* Main.storyboard */; };
		D09A1C431AC0A47900C23BA0 /* Images.xcassets in Resources */ = {isa = PBXBuildFile; fileRef = D09A1C421AC0A47900C23BA0 /* Images.xcassets */; };
		D09A1C461AC0A47900C23BA0 /* LaunchScreen.xib in Resources */ = {isa = PBXBuildFile; fileRef = D09A1C441AC0A47900C23BA0 /* LaunchScreen.xib */; };
		D09A1C521AC0A47900C23BA0 /* Dye_DownTests.m in Sources */ = {isa = PBXBuildFile; fileRef = D09A1C511AC0A47900C23BA0 /* Dye_DownTests.m */; };
		D0A5E15C1AC219C4004B3FD8 /* MenuScene.m in Sources */ = {isa = PBXBuildFile; fileRef = D0A5E15B1AC219C4004B3FD8 /* MenuScene.m */; };
		D0A5E1631AC25F0F004B3FD8 /* DAYPBL__.TTF in Resources */ = {isa = PBXBuildFile; fileRef = D0A5E1601AC25ECB004B3FD8 /* DAYPBL__.TTF */; };
		D0A5E1651AC268D3004B3FD8 /* Market_Deco.ttf in Resources */ = {isa = PBXBuildFile; fileRef = D0A5E1641AC268D3004B3FD8 /* Market_Deco.ttf */; };
		D0A5E1681AC27ACB004B3FD8 /* Lane.m in Sources */ = {isa = PBXBuildFile; fileRef = D0A5E1671AC27ACB004B3FD8 /* Lane.m */; };
		D0A5E16C1AC27C5A004B3FD8 /* SKColor+ColorAdditions.m in Sources */ = {isa = PBXBuildFile; fileRef = D0A5E16B1AC27C5A004B3FD8 /* SKColor+ColorAdditions.m */; };
		D0E6C33B1AD0FAAA00C7AFAA /* guy_1.png in Resources */ = {isa = PBXBuildFile; fileRef = D0E6C3221AD0FAAA00C7AFAA /* guy_1.png */; };
		D0E6C33C1AD0FAAA00C7AFAA /* guy_2.png in Resources */ = {isa = PBXBuildFile; fileRef = D0E6C3231AD0FAAA00C7AFAA /* guy_2.png */; };
		D0E6C33D1AD0FAAA00C7AFAA /* guy_3.png in Resources */ = {isa = PBXBuildFile; fileRef = D0E6C3241AD0FAAA00C7AFAA /* guy_3.png */; };
		D0E6C33E1AD0FAAA00C7AFAA /* guy_4.png in Resources */ = {isa = PBXBuildFile; fileRef = D0E6C3251AD0FAAA00C7AFAA /* guy_4.png */; };
		D0E6C33F1AD0FAAA00C7AFAA /* guy_5.png in Resources */ = {isa = PBXBuildFile; fileRef = D0E6C3261AD0FAAA00C7AFAA /* guy_5.png */; };
		D0E6C3401AD0FAAA00C7AFAA /* guy_6.png in Resources */ = {isa = PBXBuildFile; fileRef = D0E6C3271AD0FAAA00C7AFAA /* guy_6.png */; };
		D0E6C3411AD0FAAA00C7AFAA /* guy_7.png in Resources */ = {isa = PBXBuildFile; fileRef = D0E6C3281AD0FAAA00C7AFAA /* guy_7.png */; };
		D0E6C3421AD0FAAA00C7AFAA /* guy_8.png in Resources */ = {isa = PBXBuildFile; fileRef = D0E6C3291AD0FAAA00C7AFAA /* guy_8.png */; };
		D0E6C3431AD0FAAA00C7AFAA /* guy_9.png in Resources */ = {isa = PBXBuildFile; fileRef = D0E6C32A1AD0FAAA00C7AFAA /* guy_9.png */; };
		D0E6C3441AD0FAAA00C7AFAA /* guy_10.png in Resources */ = {isa = PBXBuildFile; fileRef = D0E6C32B1AD0FAAA00C7AFAA /* guy_10.png */; };
		D0E6C3451AD0FAAA00C7AFAA /* guy_11.png in Resources */ = {isa = PBXBuildFile; fileRef = D0E6C32C1AD0FAAA00C7AFAA /* guy_11.png */; };
		D0E6C3461AD0FAAA00C7AFAA /* guy_12.png in Resources */ = {isa = PBXBuildFile; fileRef = D0E6C32D1AD0FAAA00C7AFAA /* guy_12.png */; };
		D0E6C3471AD0FAAA00C7AFAA /* guy_13.png in Resources */ = {isa = PBXBuildFile; fileRef = D0E6C32E1AD0FAAA00C7AFAA /* guy_13.png */; };
		D0E6C3481AD0FAAA00C7AFAA /* guy_14.png in Resources */ = {isa = PBXBuildFile; fileRef = D0E6C32F1AD0FAAA00C7AFAA /* guy_14.png */; };
		D0E6C3491AD0FAAA00C7AFAA /* guy_15.png in Resources */ = {isa = PBXBuildFile; fileRef = D0E6C3301AD0FAAA00C7AFAA /* guy_15.png */; };
		D0E6C34A1AD0FAAA00C7AFAA /* guy_16.png in Resources */ = {isa = PBXBuildFile; fileRef = D0E6C3311AD0FAAA00C7AFAA /* guy_16.png */; };
		D0E6C34B1AD0FAAA00C7AFAA /* guy_17.png in Resources */ = {isa = PBXBuildFile; fileRef = D0E6C3321AD0FAAA00C7AFAA /* guy_17.png */; };
		D0E6C34C1AD0FAAA00C7AFAA /* guy_18.png in Resources */ = {isa = PBXBuildFile; fileRef = D0E6C3331AD0FAAA00C7AFAA /* guy_18.png */; };
		D0E6C34D1AD0FAAA00C7AFAA /* guy_19.png in Resources */ = {isa = PBXBuildFile; fileRef = D0E6C3341AD0FAAA00C7AFAA /* guy_19.png */; };
		D0E6C34E1AD0FAAA00C7AFAA /* guy_20.png in Resources */ = {isa = PBXBuildFile; fileRef = D0E6C3351AD0FAAA00C7AFAA /* guy_20.png */; };
		D0E6C34F1AD0FAAA00C7AFAA /* guy_21.png in Resources */ = {isa = PBXBuildFile; fileRef = D0E6C3361AD0FAAA00C7AFAA /* guy_21.png */; };
		D0E6C3501AD0FAAA00C7AFAA /* guy_22.png in Resources */ = {isa = PBXBuildFile; fileRef = D0E6C3371AD0FAAA00C7AFAA /* guy_22.png */; };
		D0E6C3511AD0FAAA00C7AFAA /* guy_23.png in Resources */ = {isa = PBXBuildFile; fileRef = D0E6C3381AD0FAAA00C7AFAA /* guy_23.png */; };
		D0E6C3521AD0FAAA00C7AFAA /* guy_24.png in Resources */ = {isa = PBXBuildFile; fileRef = D0E6C3391AD0FAAA00C7AFAA /* guy_24.png */; };
		D0E6C3531AD0FAAA00C7AFAA /* guy_25.png in Resources */ = {isa = PBXBuildFile; fileRef = D0E6C33A1AD0FAAA00C7AFAA /* guy_25.png */; };
/* End PBXBuildFile section */

/* Begin PBXContainerItemProxy section */
		D09A1C4C1AC0A47900C23BA0 /* PBXContainerItemProxy */ = {
			isa = PBXContainerItemProxy;
			containerPortal = D09A1C251AC0A47900C23BA0 /* Project object */;
			proxyType = 1;
			remoteGlobalIDString = D09A1C2C1AC0A47900C23BA0;
			remoteInfo = "Dye Down";
		};
/* End PBXContainerItemProxy section */

/* Begin PBXFileReference section */
		D010CDE21AD228F100E800CE /* Runner.h */ = {isa = PBXFileReference; fileEncoding = 4; lastKnownFileType = sourcecode.c.h; path = Runner.h; sourceTree = "<group>"; };
		D010CDE31AD228F100E800CE /* Runner.m */ = {isa = PBXFileReference; fileEncoding = 4; lastKnownFileType = sourcecode.c.objc; path = Runner.m; sourceTree = "<group>"; };
		D010CDE51AD2290800E800CE /* Wave.h */ = {isa = PBXFileReference; fileEncoding = 4; lastKnownFileType = sourcecode.c.h; path = Wave.h; sourceTree = "<group>"; };
		D010CDE61AD2290800E800CE /* Wave.m */ = {isa = PBXFileReference; fileEncoding = 4; lastKnownFileType = sourcecode.c.objc; path = Wave.m; sourceTree = "<group>"; };
		D02A5D361AD5AAA4003A54C7 /* NSArray+ArrayAdditions.h */ = {isa = PBXFileReference; fileEncoding = 4; lastKnownFileType = sourcecode.c.h; path = "NSArray+ArrayAdditions.h"; sourceTree = "<group>"; };
		D02A5D371AD5AAA4003A54C7 /* NSArray+ArrayAdditions.m */ = {isa = PBXFileReference; fileEncoding = 4; lastKnownFileType = sourcecode.c.objc; path = "NSArray+ArrayAdditions.m"; sourceTree = "<group>"; };
		D02A5D391AD74251003A54C7 /* JYConstants.h */ = {isa = PBXFileReference; fileEncoding = 4; lastKnownFileType = sourcecode.c.h; path = JYConstants.h; sourceTree = "<group>"; };
		D02A5D3A1AD74251003A54C7 /* JYConstants.m */ = {isa = PBXFileReference; fileEncoding = 4; lastKnownFileType = sourcecode.c.objc; path = JYConstants.m; sourceTree = "<group>"; };
		D032F0B01AC3DA730069D6CC /* leaderboard128x128.png */ = {isa = PBXFileReference; lastKnownFileType = image.png; path = leaderboard128x128.png; sourceTree = "<group>"; };
		D032F0B11AC3DA730069D6CC /* leaderboard256x256.png */ = {isa = PBXFileReference; lastKnownFileType = image.png; path = leaderboard256x256.png; sourceTree = "<group>"; };
		D032F0B21AC3DA730069D6CC /* leaderboard64x64.png */ = {isa = PBXFileReference; lastKnownFileType = image.png; path = leaderboard64x64.png; sourceTree = "<group>"; };
		D032F0B31AC3DA730069D6CC /* leaderboard72x72.png */ = {isa = PBXFileReference; lastKnownFileType = image.png; path = leaderboard72x72.png; sourceTree = "<group>"; };
		D032F0B41AC3DA730069D6CC /* play128x128.png */ = {isa = PBXFileReference; lastKnownFileType = image.png; path = play128x128.png; sourceTree = "<group>"; };
		D032F0B51AC3DA730069D6CC /* play256x256.png */ = {isa = PBXFileReference; lastKnownFileType = image.png; path = play256x256.png; sourceTree = "<group>"; };
		D032F0B61AC3DA730069D6CC /* play72x72.png */ = {isa = PBXFileReference; lastKnownFileType = image.png; path = play72x72.png; sourceTree = "<group>"; };
		D032F0B71AC3DA730069D6CC /* play96x96.png */ = {isa = PBXFileReference; lastKnownFileType = image.png; path = play96x96.png; sourceTree = "<group>"; };
		D032F0B81AC3DA730069D6CC /* rate128x128.png */ = {isa = PBXFileReference; lastKnownFileType = image.png; path = rate128x128.png; sourceTree = "<group>"; };
		D032F0B91AC3DA730069D6CC /* rate256x256.png */ = {isa = PBXFileReference; lastKnownFileType = image.png; path = rate256x256.png; sourceTree = "<group>"; };
		D032F0BA1AC3DA730069D6CC /* rate64x64.png */ = {isa = PBXFileReference; lastKnownFileType = image.png; path = rate64x64.png; sourceTree = "<group>"; };
		D032F0BB1AC3DA730069D6CC /* rate72x72.png */ = {isa = PBXFileReference; lastKnownFileType = image.png; path = rate72x72.png; sourceTree = "<group>"; };
		D032F0BC1AC3DA730069D6CC /* rate96x96.png */ = {isa = PBXFileReference; lastKnownFileType = image.png; path = rate96x96.png; sourceTree = "<group>"; };
		D032F0C41AC3DA730069D6CC /* settings128x128.png */ = {isa = PBXFileReference; lastKnownFileType = image.png; path = settings128x128.png; sourceTree = "<group>"; };
		D032F0C51AC3DA730069D6CC /* settings256x256.png */ = {isa = PBXFileReference; lastKnownFileType = image.png; path = settings256x256.png; sourceTree = "<group>"; };
		D032F0C61AC3DA730069D6CC /* settings64x64.png */ = {isa = PBXFileReference; lastKnownFileType = image.png; path = settings64x64.png; sourceTree = "<group>"; };
		D032F0C71AC3DA730069D6CC /* settings72x72.png */ = {isa = PBXFileReference; lastKnownFileType = image.png; path = settings72x72.png; sourceTree = "<group>"; };
		D032F0C81AC3DA730069D6CC /* settings96x96.png */ = {isa = PBXFileReference; lastKnownFileType = image.png; path = settings96x96.png; sourceTree = "<group>"; };
		D069F2711AD790D800622D0F /* pause.png */ = {isa = PBXFileReference; lastKnownFileType = image.png; path = pause.png; sourceTree = "<group>"; };
		D069F2721AD790D800622D0F /* pause2x.png */ = {isa = PBXFileReference; lastKnownFileType = image.png; path = pause2x.png; sourceTree = "<group>"; };
		D069F2731AD790D800622D0F /* pause3x.png */ = {isa = PBXFileReference; lastKnownFileType = image.png; path = pause3x.png; sourceTree = "<group>"; };
		D09A1C2D1AC0A47900C23BA0 /* Dye Down.app */ = {isa = PBXFileReference; explicitFileType = wrapper.application; includeInIndex = 0; path = "Dye Down.app"; sourceTree = BUILT_PRODUCTS_DIR; };
		D09A1C311AC0A47900C23BA0 /* Info.plist */ = {isa = PBXFileReference; lastKnownFileType = text.plist.xml; path = Info.plist; sourceTree = "<group>"; };
		D09A1C321AC0A47900C23BA0 /* main.m */ = {isa = PBXFileReference; lastKnownFileType = sourcecode.c.objc; path = main.m; sourceTree = "<group>"; };
		D09A1C341AC0A47900C23BA0 /* AppDelegate.h */ = {isa = PBXFileReference; lastKnownFileType = sourcecode.c.h; path = AppDelegate.h; sourceTree = "<group>"; };
		D09A1C351AC0A47900C23BA0 /* AppDelegate.m */ = {isa = PBXFileReference; lastKnownFileType = sourcecode.c.objc; path = AppDelegate.m; sourceTree = "<group>"; };
		D09A1C371AC0A47900C23BA0 /* GameScene.h */ = {isa = PBXFileReference; lastKnownFileType = sourcecode.c.h; path = GameScene.h; sourceTree = "<group>"; };
		D09A1C381AC0A47900C23BA0 /* GameScene.m */ = {isa = PBXFileReference; lastKnownFileType = sourcecode.c.objc; path = GameScene.m; sourceTree = "<group>"; };
		D09A1C3C1AC0A47900C23BA0 /* GameViewController.h */ = {isa = PBXFileReference; lastKnownFileType = sourcecode.c.h; path = GameViewController.h; sourceTree = "<group>"; };
		D09A1C3D1AC0A47900C23BA0 /* GameViewController.m */ = {isa = PBXFileReference; lastKnownFileType = sourcecode.c.objc; path = GameViewController.m; sourceTree = "<group>"; };
		D09A1C401AC0A47900C23BA0 /* Base */ = {isa = PBXFileReference; lastKnownFileType = file.storyboard; name = Base; path = Base.lproj/Main.storyboard; sourceTree = "<group>"; };
		D09A1C421AC0A47900C23BA0 /* Images.xcassets */ = {isa = PBXFileReference; lastKnownFileType = folder.assetcatalog; path = Images.xcassets; sourceTree = "<group>"; };
		D09A1C451AC0A47900C23BA0 /* Base */ = {isa = PBXFileReference; lastKnownFileType = file.xib; name = Base; path = Base.lproj/LaunchScreen.xib; sourceTree = "<group>"; };
		D09A1C4B1AC0A47900C23BA0 /* Dye DownTests.xctest */ = {isa = PBXFileReference; explicitFileType = wrapper.cfbundle; includeInIndex = 0; path = "Dye DownTests.xctest"; sourceTree = BUILT_PRODUCTS_DIR; };
		D09A1C501AC0A47900C23BA0 /* Info.plist */ = {isa = PBXFileReference; lastKnownFileType = text.plist.xml; path = Info.plist; sourceTree = "<group>"; };
		D09A1C511AC0A47900C23BA0 /* Dye_DownTests.m */ = {isa = PBXFileReference; lastKnownFileType = sourcecode.c.objc; path = Dye_DownTests.m; sourceTree = "<group>"; };
		D0A5E15A1AC219C4004B3FD8 /* MenuScene.h */ = {isa = PBXFileReference; fileEncoding = 4; lastKnownFileType = sourcecode.c.h; path = MenuScene.h; sourceTree = "<group>"; };
		D0A5E15B1AC219C4004B3FD8 /* MenuScene.m */ = {isa = PBXFileReference; fileEncoding = 4; lastKnownFileType = sourcecode.c.objc; path = MenuScene.m; sourceTree = "<group>"; };
		D0A5E1601AC25ECB004B3FD8 /* DAYPBL__.TTF */ = {isa = PBXFileReference; lastKnownFileType = file; path = DAYPBL__.TTF; sourceTree = "<group>"; };
		D0A5E1641AC268D3004B3FD8 /* Market_Deco.ttf */ = {isa = PBXFileReference; lastKnownFileType = file; path = Market_Deco.ttf; sourceTree = "<group>"; };
		D0A5E1661AC27ACB004B3FD8 /* Lane.h */ = {isa = PBXFileReference; fileEncoding = 4; lastKnownFileType = sourcecode.c.h; path = Lane.h; sourceTree = "<group>"; };
		D0A5E1671AC27ACB004B3FD8 /* Lane.m */ = {isa = PBXFileReference; fileEncoding = 4; lastKnownFileType = sourcecode.c.objc; path = Lane.m; sourceTree = "<group>"; };
		D0A5E16A1AC27C5A004B3FD8 /* SKColor+ColorAdditions.h */ = {isa = PBXFileReference; fileEncoding = 4; lastKnownFileType = sourcecode.c.h; path = "SKColor+ColorAdditions.h"; sourceTree = "<group>"; };
		D0A5E16B1AC27C5A004B3FD8 /* SKColor+ColorAdditions.m */ = {isa = PBXFileReference; fileEncoding = 4; lastKnownFileType = sourcecode.c.objc; path = "SKColor+ColorAdditions.m"; sourceTree = "<group>"; };
		D0E6C3221AD0FAAA00C7AFAA /* guy_1.png */ = {isa = PBXFileReference; lastKnownFileType = image.png; path = guy_1.png; sourceTree = "<group>"; };
		D0E6C3231AD0FAAA00C7AFAA /* guy_2.png */ = {isa = PBXFileReference; lastKnownFileType = image.png; path = guy_2.png; sourceTree = "<group>"; };
		D0E6C3241AD0FAAA00C7AFAA /* guy_3.png */ = {isa = PBXFileReference; lastKnownFileType = image.png; path = guy_3.png; sourceTree = "<group>"; };
		D0E6C3251AD0FAAA00C7AFAA /* guy_4.png */ = {isa = PBXFileReference; lastKnownFileType = image.png; path = guy_4.png; sourceTree = "<group>"; };
		D0E6C3261AD0FAAA00C7AFAA /* guy_5.png */ = {isa = PBXFileReference; lastKnownFileType = image.png; path = guy_5.png; sourceTree = "<group>"; };
		D0E6C3271AD0FAAA00C7AFAA /* guy_6.png */ = {isa = PBXFileReference; lastKnownFileType = image.png; path = guy_6.png; sourceTree = "<group>"; };
		D0E6C3281AD0FAAA00C7AFAA /* guy_7.png */ = {isa = PBXFileReference; lastKnownFileType = image.png; path = guy_7.png; sourceTree = "<group>"; };
		D0E6C3291AD0FAAA00C7AFAA /* guy_8.png */ = {isa = PBXFileReference; lastKnownFileType = image.png; path = guy_8.png; sourceTree = "<group>"; };
		D0E6C32A1AD0FAAA00C7AFAA /* guy_9.png */ = {isa = PBXFileReference; lastKnownFileType = image.png; path = guy_9.png; sourceTree = "<group>"; };
		D0E6C32B1AD0FAAA00C7AFAA /* guy_10.png */ = {isa = PBXFileReference; lastKnownFileType = image.png; path = guy_10.png; sourceTree = "<group>"; };
		D0E6C32C1AD0FAAA00C7AFAA /* guy_11.png */ = {isa = PBXFileReference; lastKnownFileType = image.png; path = guy_11.png; sourceTree = "<group>"; };
		D0E6C32D1AD0FAAA00C7AFAA /* guy_12.png */ = {isa = PBXFileReference; lastKnownFileType = image.png; path = guy_12.png; sourceTree = "<group>"; };
		D0E6C32E1AD0FAAA00C7AFAA /* guy_13.png */ = {isa = PBXFileReference; lastKnownFileType = image.png; path = guy_13.png; sourceTree = "<group>"; };
		D0E6C32F1AD0FAAA00C7AFAA /* guy_14.png */ = {isa = PBXFileReference; lastKnownFileType = image.png; path = guy_14.png; sourceTree = "<group>"; };
		D0E6C3301AD0FAAA00C7AFAA /* guy_15.png */ = {isa = PBXFileReference; lastKnownFileType = image.png; path = guy_15.png; sourceTree = "<group>"; };
		D0E6C3311AD0FAAA00C7AFAA /* guy_16.png */ = {isa = PBXFileReference; lastKnownFileType = image.png; path = guy_16.png; sourceTree = "<group>"; };
		D0E6C3321AD0FAAA00C7AFAA /* guy_17.png */ = {isa = PBXFileReference; lastKnownFileType = image.png; path = guy_17.png; sourceTree = "<group>"; };
		D0E6C3331AD0FAAA00C7AFAA /* guy_18.png */ = {isa = PBXFileReference; lastKnownFileType = image.png; path = guy_18.png; sourceTree = "<group>"; };
		D0E6C3341AD0FAAA00C7AFAA /* guy_19.png */ = {isa = PBXFileReference; lastKnownFileType = image.png; path = guy_19.png; sourceTree = "<group>"; };
		D0E6C3351AD0FAAA00C7AFAA /* guy_20.png */ = {isa = PBXFileReference; lastKnownFileType = image.png; path = guy_20.png; sourceTree = "<group>"; };
		D0E6C3361AD0FAAA00C7AFAA /* guy_21.png */ = {isa = PBXFileReference; lastKnownFileType = image.png; path = guy_21.png; sourceTree = "<group>"; };
		D0E6C3371AD0FAAA00C7AFAA /* guy_22.png */ = {isa = PBXFileReference; lastKnownFileType = image.png; path = guy_22.png; sourceTree = "<group>"; };
		D0E6C3381AD0FAAA00C7AFAA /* guy_23.png */ = {isa = PBXFileReference; lastKnownFileType = image.png; path = guy_23.png; sourceTree = "<group>"; };
		D0E6C3391AD0FAAA00C7AFAA /* guy_24.png */ = {isa = PBXFileReference; lastKnownFileType = image.png; path = guy_24.png; sourceTree = "<group>"; };
		D0E6C33A1AD0FAAA00C7AFAA /* guy_25.png */ = {isa = PBXFileReference; lastKnownFileType = image.png; path = guy_25.png; sourceTree = "<group>"; };
/* End PBXFileReference section */

/* Begin PBXFrameworksBuildPhase section */
		D09A1C2A1AC0A47900C23BA0 /* Frameworks */ = {
			isa = PBXFrameworksBuildPhase;
			buildActionMask = 2147483647;
			files = (
			);
			runOnlyForDeploymentPostprocessing = 0;
		};
		D09A1C481AC0A47900C23BA0 /* Frameworks */ = {
			isa = PBXFrameworksBuildPhase;
			buildActionMask = 2147483647;
			files = (
			);
			runOnlyForDeploymentPostprocessing = 0;
		};
/* End PBXFrameworksBuildPhase section */

/* Begin PBXGroup section */
		D032F0AF1AC3DA730069D6CC /* Resources */ = {
			isa = PBXGroup;
			children = (
				D032F0BD1AC3DA730069D6CC /* runner */,
				D032F0B01AC3DA730069D6CC /* leaderboard128x128.png */,
				D032F0B11AC3DA730069D6CC /* leaderboard256x256.png */,
				D032F0B21AC3DA730069D6CC /* leaderboard64x64.png */,
				D032F0B31AC3DA730069D6CC /* leaderboard72x72.png */,
				D032F0B41AC3DA730069D6CC /* play128x128.png */,
				D032F0B51AC3DA730069D6CC /* play256x256.png */,
				D032F0B61AC3DA730069D6CC /* play72x72.png */,
				D032F0B71AC3DA730069D6CC /* play96x96.png */,
				D032F0B81AC3DA730069D6CC /* rate128x128.png */,
				D032F0B91AC3DA730069D6CC /* rate256x256.png */,
				D032F0BA1AC3DA730069D6CC /* rate64x64.png */,
				D032F0BB1AC3DA730069D6CC /* rate72x72.png */,
				D032F0BC1AC3DA730069D6CC /* rate96x96.png */,
				D032F0C41AC3DA730069D6CC /* settings128x128.png */,
				D032F0C51AC3DA730069D6CC /* settings256x256.png */,
				D032F0C61AC3DA730069D6CC /* settings64x64.png */,
				D032F0C71AC3DA730069D6CC /* settings72x72.png */,
				D032F0C81AC3DA730069D6CC /* settings96x96.png */,
				D069F2711AD790D800622D0F /* pause.png */,
				D069F2721AD790D800622D0F /* pause2x.png */,
				D069F2731AD790D800622D0F /* pause3x.png */,
			);
			path = Resources;
			sourceTree = "<group>";
		};
		D032F0BD1AC3DA730069D6CC /* runner */ = {
			isa = PBXGroup;
			children = (
				D0E6C3221AD0FAAA00C7AFAA /* guy_1.png */,
				D0E6C3231AD0FAAA00C7AFAA /* guy_2.png */,
				D0E6C3241AD0FAAA00C7AFAA /* guy_3.png */,
				D0E6C3251AD0FAAA00C7AFAA /* guy_4.png */,
				D0E6C3261AD0FAAA00C7AFAA /* guy_5.png */,
				D0E6C3271AD0FAAA00C7AFAA /* guy_6.png */,
				D0E6C3281AD0FAAA00C7AFAA /* guy_7.png */,
				D0E6C3291AD0FAAA00C7AFAA /* guy_8.png */,
				D0E6C32A1AD0FAAA00C7AFAA /* guy_9.png */,
				D0E6C32B1AD0FAAA00C7AFAA /* guy_10.png */,
				D0E6C32C1AD0FAAA00C7AFAA /* guy_11.png */,
				D0E6C32D1AD0FAAA00C7AFAA /* guy_12.png */,
				D0E6C32E1AD0FAAA00C7AFAA /* guy_13.png */,
				D0E6C32F1AD0FAAA00C7AFAA /* guy_14.png */,
				D0E6C3301AD0FAAA00C7AFAA /* guy_15.png */,
				D0E6C3311AD0FAAA00C7AFAA /* guy_16.png */,
				D0E6C3321AD0FAAA00C7AFAA /* guy_17.png */,
				D0E6C3331AD0FAAA00C7AFAA /* guy_18.png */,
				D0E6C3341AD0FAAA00C7AFAA /* guy_19.png */,
				D0E6C3351AD0FAAA00C7AFAA /* guy_20.png */,
				D0E6C3361AD0FAAA00C7AFAA /* guy_21.png */,
				D0E6C3371AD0FAAA00C7AFAA /* guy_22.png */,
				D0E6C3381AD0FAAA00C7AFAA /* guy_23.png */,
				D0E6C3391AD0FAAA00C7AFAA /* guy_24.png */,
				D0E6C33A1AD0FAAA00C7AFAA /* guy_25.png */,
			);
			path = runner;
			sourceTree = "<group>";
		};
		D09A1C241AC0A47900C23BA0 = {
			isa = PBXGroup;
			children = (
				D09A1C2F1AC0A47900C23BA0 /* Dye Down */,
				D09A1C4E1AC0A47900C23BA0 /* Dye DownTests */,
				D09A1C2E1AC0A47900C23BA0 /* Products */,
			);
			sourceTree = "<group>";
		};
		D09A1C2E1AC0A47900C23BA0 /* Products */ = {
			isa = PBXGroup;
			children = (
				D09A1C2D1AC0A47900C23BA0 /* Dye Down.app */,
				D09A1C4B1AC0A47900C23BA0 /* Dye DownTests.xctest */,
			);
			name = Products;
			sourceTree = "<group>";
		};
		D09A1C2F1AC0A47900C23BA0 /* Dye Down */ = {
			isa = PBXGroup;
			children = (
				D09A1C3F1AC0A47900C23BA0 /* Main.storyboard */,
				D09A1C441AC0A47900C23BA0 /* LaunchScreen.xib */,
				D0A5E16D1AC27C62004B3FD8 /* Categories */,
				D0A5E1611AC25ECF004B3FD8 /* Resources */,
				D0A5E15F1AC219EC004B3FD8 /* View Controller */,
				D0A5E15E1AC219E1004B3FD8 /* Scene */,
				D0A5E1691AC27ACE004B3FD8 /* Custom Nodes */,
				D0A5E15D1AC219C8004B3FD8 /* Delegate */,
				D032F0AF1AC3DA730069D6CC /* Resources */,
				D09A1C301AC0A47900C23BA0 /* Supporting Files */,
			);
			path = "Dye Down";
			sourceTree = "<group>";
		};
		D09A1C301AC0A47900C23BA0 /* Supporting Files */ = {
			isa = PBXGroup;
			children = (
				D02A5D391AD74251003A54C7 /* JYConstants.h */,
				D02A5D3A1AD74251003A54C7 /* JYConstants.m */,
				D09A1C311AC0A47900C23BA0 /* Info.plist */,
				D09A1C321AC0A47900C23BA0 /* main.m */,
			);
			name = "Supporting Files";
			sourceTree = "<group>";
		};
		D09A1C4E1AC0A47900C23BA0 /* Dye DownTests */ = {
			isa = PBXGroup;
			children = (
				D09A1C511AC0A47900C23BA0 /* Dye_DownTests.m */,
				D09A1C4F1AC0A47900C23BA0 /* Supporting Files */,
			);
			path = "Dye DownTests";
			sourceTree = "<group>";
		};
		D09A1C4F1AC0A47900C23BA0 /* Supporting Files */ = {
			isa = PBXGroup;
			children = (
				D09A1C501AC0A47900C23BA0 /* Info.plist */,
			);
			name = "Supporting Files";
			sourceTree = "<group>";
		};
		D0A5E15D1AC219C8004B3FD8 /* Delegate */ = {
			isa = PBXGroup;
			children = (
				D09A1C341AC0A47900C23BA0 /* AppDelegate.h */,
				D09A1C351AC0A47900C23BA0 /* AppDelegate.m */,
			);
			name = Delegate;
			sourceTree = "<group>";
		};
		D0A5E15E1AC219E1004B3FD8 /* Scene */ = {
			isa = PBXGroup;
			children = (
				D0A5E15A1AC219C4004B3FD8 /* MenuScene.h */,
				D0A5E15B1AC219C4004B3FD8 /* MenuScene.m */,
				D09A1C371AC0A47900C23BA0 /* GameScene.h */,
				D09A1C381AC0A47900C23BA0 /* GameScene.m */,
			);
			name = Scene;
			sourceTree = "<group>";
		};
		D0A5E15F1AC219EC004B3FD8 /* View Controller */ = {
			isa = PBXGroup;
			children = (
				D09A1C3C1AC0A47900C23BA0 /* GameViewController.h */,
				D09A1C3D1AC0A47900C23BA0 /* GameViewController.m */,
			);
			name = "View Controller";
			sourceTree = "<group>";
		};
		D0A5E1611AC25ECF004B3FD8 /* Resources */ = {
			isa = PBXGroup;
			children = (
				D09A1C421AC0A47900C23BA0 /* Images.xcassets */,
				D0A5E1621AC25ED5004B3FD8 /* Fonts */,
			);
			name = Resources;
			sourceTree = "<group>";
		};
		D0A5E1621AC25ED5004B3FD8 /* Fonts */ = {
			isa = PBXGroup;
			children = (
				D0A5E1601AC25ECB004B3FD8 /* DAYPBL__.TTF */,
				D0A5E1641AC268D3004B3FD8 /* Market_Deco.ttf */,
			);
			name = Fonts;
			sourceTree = "<group>";
		};
		D0A5E1691AC27ACE004B3FD8 /* Custom Nodes */ = {
			isa = PBXGroup;
			children = (
				D0A5E1661AC27ACB004B3FD8 /* Lane.h */,
				D0A5E1671AC27ACB004B3FD8 /* Lane.m */,
				D010CDE21AD228F100E800CE /* Runner.h */,
				D010CDE31AD228F100E800CE /* Runner.m */,
				D010CDE51AD2290800E800CE /* Wave.h */,
				D010CDE61AD2290800E800CE /* Wave.m */,
			);
			name = "Custom Nodes";
			sourceTree = "<group>";
		};
		D0A5E16D1AC27C62004B3FD8 /* Categories */ = {
			isa = PBXGroup;
			children = (
				D02A5D361AD5AAA4003A54C7 /* NSArray+ArrayAdditions.h */,
				D02A5D371AD5AAA4003A54C7 /* NSArray+ArrayAdditions.m */,
				D0A5E16A1AC27C5A004B3FD8 /* SKColor+ColorAdditions.h */,
				D0A5E16B1AC27C5A004B3FD8 /* SKColor+ColorAdditions.m */,
			);
			name = Categories;
			sourceTree = "<group>";
		};
/* End PBXGroup section */

/* Begin PBXNativeTarget section */
		D09A1C2C1AC0A47900C23BA0 /* Dye Down */ = {
			isa = PBXNativeTarget;
			buildConfigurationList = D09A1C551AC0A47900C23BA0 /* Build configuration list for PBXNativeTarget "Dye Down" */;
			buildPhases = (
				D09A1C291AC0A47900C23BA0 /* Sources */,
				D09A1C2A1AC0A47900C23BA0 /* Frameworks */,
				D09A1C2B1AC0A47900C23BA0 /* Resources */,
			);
			buildRules = (
			);
			dependencies = (
			);
			name = "Dye Down";
			productName = "Dye Down";
			productReference = D09A1C2D1AC0A47900C23BA0 /* Dye Down.app */;
			productType = "com.apple.product-type.application";
		};
		D09A1C4A1AC0A47900C23BA0 /* Dye DownTests */ = {
			isa = PBXNativeTarget;
			buildConfigurationList = D09A1C581AC0A47900C23BA0 /* Build configuration list for PBXNativeTarget "Dye DownTests" */;
			buildPhases = (
				D09A1C471AC0A47900C23BA0 /* Sources */,
				D09A1C481AC0A47900C23BA0 /* Frameworks */,
				D09A1C491AC0A47900C23BA0 /* Resources */,
			);
			buildRules = (
			);
			dependencies = (
				D09A1C4D1AC0A47900C23BA0 /* PBXTargetDependency */,
			);
			name = "Dye DownTests";
			productName = "Dye DownTests";
			productReference = D09A1C4B1AC0A47900C23BA0 /* Dye DownTests.xctest */;
			productType = "com.apple.product-type.bundle.unit-test";
		};
/* End PBXNativeTarget section */

/* Begin PBXProject section */
		D09A1C251AC0A47900C23BA0 /* Project object */ = {
			isa = PBXProject;
			attributes = {
				LastUpgradeCheck = 0620;
				ORGANIZATIONNAME = "Justin Yu";
				TargetAttributes = {
					D09A1C2C1AC0A47900C23BA0 = {
						CreatedOnToolsVersion = 6.2;
						DevelopmentTeam = UWSMUE6KT8;
					};
					D09A1C4A1AC0A47900C23BA0 = {
						CreatedOnToolsVersion = 6.2;
						TestTargetID = D09A1C2C1AC0A47900C23BA0;
					};
				};
			};
			buildConfigurationList = D09A1C281AC0A47900C23BA0 /* Build configuration list for PBXProject "Dye Down" */;
			compatibilityVersion = "Xcode 3.2";
			developmentRegion = English;
			hasScannedForEncodings = 0;
			knownRegions = (
				en,
				Base,
			);
			mainGroup = D09A1C241AC0A47900C23BA0;
			productRefGroup = D09A1C2E1AC0A47900C23BA0 /* Products */;
			projectDirPath = "";
			projectRoot = "";
			targets = (
				D09A1C2C1AC0A47900C23BA0 /* Dye Down */,
				D09A1C4A1AC0A47900C23BA0 /* Dye DownTests */,
			);
		};
/* End PBXProject section */

/* Begin PBXResourcesBuildPhase section */
		D09A1C2B1AC0A47900C23BA0 /* Resources */ = {
			isa = PBXResourcesBuildPhase;
			buildActionMask = 2147483647;
			files = (
				D032F0CB1AC3DA730069D6CC /* leaderboard64x64.png in Resources */,
				D032F0D01AC3DA730069D6CC /* play96x96.png in Resources */,
				D0E6C3421AD0FAAA00C7AFAA /* guy_8.png in Resources */,
				D0A5E1631AC25F0F004B3FD8 /* DAYPBL__.TTF in Resources */,
				D0E6C3461AD0FAAA00C7AFAA /* guy_12.png in Resources */,
				D0E6C3491AD0FAAA00C7AFAA /* guy_15.png in Resources */,
				D032F0CA1AC3DA730069D6CC /* leaderboard256x256.png in Resources */,
				D032F0D51AC3DA730069D6CC /* rate96x96.png in Resources */,
				D0E6C3511AD0FAAA00C7AFAA /* guy_23.png in Resources */,
				D09A1C461AC0A47900C23BA0 /* LaunchScreen.xib in Resources */,
				D0E6C34B1AD0FAAA00C7AFAA /* guy_17.png in Resources */,
				D032F0DD1AC3DA730069D6CC /* settings256x256.png in Resources */,
				D032F0C91AC3DA730069D6CC /* leaderboard128x128.png in Resources */,
				D0E6C3431AD0FAAA00C7AFAA /* guy_9.png in Resources */,
				D0A5E1651AC268D3004B3FD8 /* Market_Deco.ttf in Resources */,
				D0E6C33B1AD0FAAA00C7AFAA /* guy_1.png in Resources */,
				D0E6C3471AD0FAAA00C7AFAA /* guy_13.png in Resources */,
				D069F2741AD790D800622D0F /* pause.png in Resources */,
				D032F0CE1AC3DA730069D6CC /* play256x256.png in Resources */,
				D0E6C3441AD0FAAA00C7AFAA /* guy_10.png in Resources */,
				D0E6C3521AD0FAAA00C7AFAA /* guy_24.png in Resources */,
				D032F0D31AC3DA730069D6CC /* rate64x64.png in Resources */,
				D0E6C33E1AD0FAAA00C7AFAA /* guy_4.png in Resources */,
				D0E6C33C1AD0FAAA00C7AFAA /* guy_2.png in Resources */,
				D069F2761AD790D800622D0F /* pause3x.png in Resources */,
				D0E6C33D1AD0FAAA00C7AFAA /* guy_3.png in Resources */,
				D0E6C3531AD0FAAA00C7AFAA /* guy_25.png in Resources */,
				D032F0DC1AC3DA730069D6CC /* settings128x128.png in Resources */,
				D032F0D41AC3DA730069D6CC /* rate72x72.png in Resources */,
				D0E6C3501AD0FAAA00C7AFAA /* guy_22.png in Resources */,
				D032F0D11AC3DA730069D6CC /* rate128x128.png in Resources */,
				D0E6C34D1AD0FAAA00C7AFAA /* guy_19.png in Resources */,
				D032F0DF1AC3DA730069D6CC /* settings72x72.png in Resources */,
				D09A1C431AC0A47900C23BA0 /* Images.xcassets in Resources */,
				D0E6C34C1AD0FAAA00C7AFAA /* guy_18.png in Resources */,
				D032F0CF1AC3DA730069D6CC /* play72x72.png in Resources */,
				D032F0CC1AC3DA730069D6CC /* leaderboard72x72.png in Resources */,
				D032F0DE1AC3DA730069D6CC /* settings64x64.png in Resources */,
				D0E6C34F1AD0FAAA00C7AFAA /* guy_21.png in Resources */,
				D069F2751AD790D800622D0F /* pause2x.png in Resources */,
				D032F0E01AC3DA730069D6CC /* settings96x96.png in Resources */,
				D0E6C3481AD0FAAA00C7AFAA /* guy_14.png in Resources */,
				D0E6C3401AD0FAAA00C7AFAA /* guy_6.png in Resources */,
				D032F0CD1AC3DA730069D6CC /* play128x128.png in Resources */,
				D0E6C3451AD0FAAA00C7AFAA /* guy_11.png in Resources */,
				D0E6C33F1AD0FAAA00C7AFAA /* guy_5.png in Resources */,
				D0E6C3411AD0FAAA00C7AFAA /* guy_7.png in Resources */,
				D0E6C34E1AD0FAAA00C7AFAA /* guy_20.png in Resources */,
				D032F0D21AC3DA730069D6CC /* rate256x256.png in Resources */,
				D0E6C34A1AD0FAAA00C7AFAA /* guy_16.png in Resources */,
				D09A1C411AC0A47900C23BA0 /* Main.storyboard in Resources */,
			);
			runOnlyForDeploymentPostprocessing = 0;
		};
		D09A1C491AC0A47900C23BA0 /* Resources */ = {
			isa = PBXResourcesBuildPhase;
			buildActionMask = 2147483647;
			files = (
			);
			runOnlyForDeploymentPostprocessing = 0;
		};
/* End PBXResourcesBuildPhase section */

/* Begin PBXSourcesBuildPhase section */
		D09A1C291AC0A47900C23BA0 /* Sources */ = {
			isa = PBXSourcesBuildPhase;
			buildActionMask = 2147483647;
			files = (
				D09A1C3E1AC0A47900C23BA0 /* GameViewController.m in Sources */,
				D010CDE71AD2290800E800CE /* Wave.m in Sources */,
				D0A5E15C1AC219C4004B3FD8 /* MenuScene.m in Sources */,
				D09A1C361AC0A47900C23BA0 /* AppDelegate.m in Sources */,
				D02A5D381AD5AAA4003A54C7 /* NSArray+ArrayAdditions.m in Sources */,
				D0A5E16C1AC27C5A004B3FD8 /* SKColor+ColorAdditions.m in Sources */,
				D0A5E1681AC27ACB004B3FD8 /* Lane.m in Sources */,
				D010CDE41AD228F100E800CE /* Runner.m in Sources */,
				D09A1C391AC0A47900C23BA0 /* GameScene.m in Sources */,
				D02A5D3B1AD74251003A54C7 /* JYConstants.m in Sources */,
				D09A1C331AC0A47900C23BA0 /* main.m in Sources */,
			);
			runOnlyForDeploymentPostprocessing = 0;
		};
		D09A1C471AC0A47900C23BA0 /* Sources */ = {
			isa = PBXSourcesBuildPhase;
			buildActionMask = 2147483647;
			files = (
				D09A1C521AC0A47900C23BA0 /* Dye_DownTests.m in Sources */,
			);
			runOnlyForDeploymentPostprocessing = 0;
		};
/* End PBXSourcesBuildPhase section */

/* Begin PBXTargetDependency section */
		D09A1C4D1AC0A47900C23BA0 /* PBXTargetDependency */ = {
			isa = PBXTargetDependency;
			target = D09A1C2C1AC0A47900C23BA0 /* Dye Down */;
			targetProxy = D09A1C4C1AC0A47900C23BA0 /* PBXContainerItemProxy */;
		};
/* End PBXTargetDependency section */

/* Begin PBXVariantGroup section */
		D09A1C3F1AC0A47900C23BA0 /* Main.storyboard */ = {
			isa = PBXVariantGroup;
			children = (
				D09A1C401AC0A47900C23BA0 /* Base */,
			);
			name = Main.storyboard;
			sourceTree = "<group>";
		};
		D09A1C441AC0A47900C23BA0 /* LaunchScreen.xib */ = {
			isa = PBXVariantGroup;
			children = (
				D09A1C451AC0A47900C23BA0 /* Base */,
			);
			name = LaunchScreen.xib;
			sourceTree = "<group>";
		};
/* End PBXVariantGroup section */

/* Begin XCBuildConfiguration section */
		D09A1C531AC0A47900C23BA0 /* Debug */ = {
			isa = XCBuildConfiguration;
			buildSettings = {
				ALWAYS_SEARCH_USER_PATHS = NO;
				CLANG_CXX_LANGUAGE_STANDARD = "gnu++0x";
				CLANG_CXX_LIBRARY = "libc++";
				CLANG_ENABLE_MODULES = YES;
				CLANG_ENABLE_OBJC_ARC = YES;
				CLANG_WARN_BOOL_CONVERSION = YES;
				CLANG_WARN_CONSTANT_CONVERSION = YES;
				CLANG_WARN_DIRECT_OBJC_ISA_USAGE = YES_ERROR;
				CLANG_WARN_EMPTY_BODY = YES;
				CLANG_WARN_ENUM_CONVERSION = YES;
				CLANG_WARN_INT_CONVERSION = YES;
				CLANG_WARN_OBJC_ROOT_CLASS = YES_ERROR;
				CLANG_WARN_UNREACHABLE_CODE = YES;
				CLANG_WARN__DUPLICATE_METHOD_MATCH = YES;
				"CODE_SIGN_IDENTITY[sdk=iphoneos*]" = "iPhone Developer";
				COPY_PHASE_STRIP = NO;
				ENABLE_STRICT_OBJC_MSGSEND = YES;
				GCC_C_LANGUAGE_STANDARD = gnu99;
				GCC_DYNAMIC_NO_PIC = NO;
				GCC_OPTIMIZATION_LEVEL = 0;
				GCC_PREPROCESSOR_DEFINITIONS = (
					"DEBUG=1",
					"$(inherited)",
				);
				GCC_SYMBOLS_PRIVATE_EXTERN = NO;
				GCC_WARN_64_TO_32_BIT_CONVERSION = YES;
				GCC_WARN_ABOUT_RETURN_TYPE = YES_ERROR;
				GCC_WARN_UNDECLARED_SELECTOR = YES;
				GCC_WARN_UNINITIALIZED_AUTOS = YES_AGGRESSIVE;
				GCC_WARN_UNUSED_FUNCTION = YES;
				GCC_WARN_UNUSED_VARIABLE = YES;
				IPHONEOS_DEPLOYMENT_TARGET = 8.2;
				MTL_ENABLE_DEBUG_INFO = YES;
				ONLY_ACTIVE_ARCH = YES;
				SDKROOT = iphoneos;
			};
			name = Debug;
		};
		D09A1C541AC0A47900C23BA0 /* Release */ = {
			isa = XCBuildConfiguration;
			buildSettings = {
				ALWAYS_SEARCH_USER_PATHS = NO;
				CLANG_CXX_LANGUAGE_STANDARD = "gnu++0x";
				CLANG_CXX_LIBRARY = "libc++";
				CLANG_ENABLE_MODULES = YES;
				CLANG_ENABLE_OBJC_ARC = YES;
				CLANG_WARN_BOOL_CONVERSION = YES;
				CLANG_WARN_CONSTANT_CONVERSION = YES;
				CLANG_WARN_DIRECT_OBJC_ISA_USAGE = YES_ERROR;
				CLANG_WARN_EMPTY_BODY = YES;
				CLANG_WARN_ENUM_CONVERSION = YES;
				CLANG_WARN_INT_CONVERSION = YES;
				CLANG_WARN_OBJC_ROOT_CLASS = YES_ERROR;
				CLANG_WARN_UNREACHABLE_CODE = YES;
				CLANG_WARN__DUPLICATE_METHOD_MATCH = YES;
				"CODE_SIGN_IDENTITY[sdk=iphoneos*]" = "iPhone Developer";
				COPY_PHASE_STRIP = NO;
				ENABLE_NS_ASSERTIONS = NO;
				ENABLE_STRICT_OBJC_MSGSEND = YES;
				GCC_C_LANGUAGE_STANDARD = gnu99;
				GCC_WARN_64_TO_32_BIT_CONVERSION = YES;
				GCC_WARN_ABOUT_RETURN_TYPE = YES_ERROR;
				GCC_WARN_UNDECLARED_SELECTOR = YES;
				GCC_WARN_UNINITIALIZED_AUTOS = YES_AGGRESSIVE;
				GCC_WARN_UNUSED_FUNCTION = YES;
				GCC_WARN_UNUSED_VARIABLE = YES;
				IPHONEOS_DEPLOYMENT_TARGET = 8.2;
				MTL_ENABLE_DEBUG_INFO = NO;
				SDKROOT = iphoneos;
				VALIDATE_PRODUCT = YES;
			};
			name = Release;
		};
		D09A1C561AC0A47900C23BA0 /* Debug */ = {
			isa = XCBuildConfiguration;
			buildSettings = {
				ASSETCATALOG_COMPILER_APPICON_NAME = AppIcon;
				CODE_SIGN_IDENTITY = "iPhone Developer";
				INFOPLIST_FILE = "Dye Down/Info.plist";
				IPHONEOS_DEPLOYMENT_TARGET = 8.2;
				LD_RUNPATH_SEARCH_PATHS = "$(inherited) @executable_path/Frameworks";
				PRODUCT_NAME = "$(TARGET_NAME)";
				TARGETED_DEVICE_FAMILY = 1;
			};
			name = Debug;
		};
		D09A1C571AC0A47900C23BA0 /* Release */ = {
			isa = XCBuildConfiguration;
			buildSettings = {
				ASSETCATALOG_COMPILER_APPICON_NAME = AppIcon;
				CODE_SIGN_IDENTITY = "iPhone Developer";
				INFOPLIST_FILE = "Dye Down/Info.plist";
				IPHONEOS_DEPLOYMENT_TARGET = 8.2;
				LD_RUNPATH_SEARCH_PATHS = "$(inherited) @executable_path/Frameworks";
				PRODUCT_NAME = "$(TARGET_NAME)";
				TARGETED_DEVICE_FAMILY = 1;
			};
			name = Release;
		};
		D09A1C591AC0A47900C23BA0 /* Debug */ = {
			isa = XCBuildConfiguration;
			buildSettings = {
				BUNDLE_LOADER = "$(TEST_HOST)";
				FRAMEWORK_SEARCH_PATHS = (
					"$(SDKROOT)/Developer/Library/Frameworks",
					"$(inherited)",
				);
				GCC_PREPROCESSOR_DEFINITIONS = (
					"DEBUG=1",
					"$(inherited)",
				);
				INFOPLIST_FILE = "Dye DownTests/Info.plist";
				LD_RUNPATH_SEARCH_PATHS = "$(inherited) @executable_path/Frameworks @loader_path/Frameworks";
				PRODUCT_NAME = "$(TARGET_NAME)";
				TEST_HOST = "$(BUILT_PRODUCTS_DIR)/Dye Down.app/Dye Down";
			};
			name = Debug;
		};
		D09A1C5A1AC0A47900C23BA0 /* Release */ = {
			isa = XCBuildConfiguration;
			buildSettings = {
				BUNDLE_LOADER = "$(TEST_HOST)";
				FRAMEWORK_SEARCH_PATHS = (
					"$(SDKROOT)/Developer/Library/Frameworks",
					"$(inherited)",
				);
				INFOPLIST_FILE = "Dye DownTests/Info.plist";
				LD_RUNPATH_SEARCH_PATHS = "$(inherited) @executable_path/Frameworks @loader_path/Frameworks";
				PRODUCT_NAME = "$(TARGET_NAME)";
				TEST_HOST = "$(BUILT_PRODUCTS_DIR)/Dye Down.app/Dye Down";
			};
			name = Release;
		};
/* End XCBuildConfiguration section */

/* Begin XCConfigurationList section */
		D09A1C281AC0A47900C23BA0 /* Build configuration list for PBXProject "Dye Down" */ = {
			isa = XCConfigurationList;
			buildConfigurations = (
				D09A1C531AC0A47900C23BA0 /* Debug */,
				D09A1C541AC0A47900C23BA0 /* Release */,
			);
			defaultConfigurationIsVisible = 0;
			defaultConfigurationName = Release;
		};
		D09A1C551AC0A47900C23BA0 /* Build configuration list for PBXNativeTarget "Dye Down" */ = {
			isa = XCConfigurationList;
			buildConfigurations = (
				D09A1C561AC0A47900C23BA0 /* Debug */,
				D09A1C571AC0A47900C23BA0 /* Release */,
			);
			defaultConfigurationIsVisible = 0;
			defaultConfigurationName = Release;
		};
		D09A1C581AC0A47900C23BA0 /* Build configuration list for PBXNativeTarget "Dye DownTests" */ = {
			isa = XCConfigurationList;
			buildConfigurations = (
				D09A1C591AC0A47900C23BA0 /* Debug */,
				D09A1C5A1AC0A47900C23BA0 /* Release */,
			);
			defaultConfigurationIsVisible = 0;
			defaultConfigurationName = Release;
		};
/* End XCConfigurationList section */
	};
	rootObject = D09A1C251AC0A47900C23BA0 /* Project object */;
}
